
Microsoft Visual Studio Solution File, Format Version 12.00
# Visual Studio 2013
VisualStudioVersion = 12.0.30501.0
MinimumVisualStudioVersion = 10.0.40219.1
Project("{FAE04EC0-301F-11D3-BF4B-00C04F79EFBC}") = "FrontendTenta", "FrontendTenta\FrontendTenta.csproj", "{AE3315F3-D67B-4154-A683-A5C5BEF8589A}"
EndProject
Global
	GlobalSection(SolutionConfigurationPlatforms) = preSolution
		Debug|Any CPU = Debug|Any CPU
		Release|Any CPU = Release|Any CPU
	EndGlobalSection
	GlobalSection(ProjectConfigurationPlatforms) = postSolution
		{AE3315F3-D67B-4154-A683-A5C5BEF8589A}.Debug|Any CPU.ActiveCfg = Debug|Any CPU
		{AE3315F3-D67B-4154-A683-A5C5BEF8589A}.Debug|Any CPU.Build.0 = Debug|Any CPU
		{AE3315F3-D67B-4154-A683-A5C5BEF8589A}.Release|Any CPU.ActiveCfg = Release|Any CPU
		{AE3315F3-D67B-4154-A683-A5C5BEF8589A}.Release|Any CPU.Build.0 = Release|Any CPU
	EndGlobalSection
	GlobalSection(SolutionProperties) = preSolution
		HideSolutionNode = FALSE
	EndGlobalSection
EndGlobal
